<?xml version="1.0" encoding="utf-8"?>
<Project ToolsVersion="4.0" xmlns="http://schemas.microsoft.com/developer/msbuild/2003">
  <ItemGroup>
    <ClInclude Include="Main.h" />
    <ClInclude Include="Scene1.h">
      <Filter>Scene</Filter>
    </ClInclude>
    <ClInclude Include="LoadingScene.h">
      <Filter>Scene</Filter>
    </ClInclude>
    <ClInclude Include="stdafx.h" />
    <ClInclude Include="Player.h">
      <Filter>Player</Filter>
    </ClInclude>
    <ClInclude Include="Lemurian.h">
      <Filter>Monster</Filter>
    </ClInclude>
    <ClInclude Include="Beetle.h">
      <Filter>Monster</Filter>
    </ClInclude>
    <ClInclude Include="Monster.h">
      <Filter>Monster</Filter>
    </ClInclude>
    <ClInclude Include="Bullet.h">
      <Filter>GameObject</Filter>
    </ClInclude>
    <ClInclude Include="PlayerBullet.h">
      <Filter>Player</Filter>
    </ClInclude>
    <ClInclude Include="StartScene.h">
      <Filter>Scene</Filter>
    </ClInclude>
    <ClInclude Include="PlayerSelectScene.h">
      <Filter>Scene</Filter>
    </ClInclude>
    <ClInclude Include="LemurianBullet.h">
      <Filter>Monster</Filter>
    </ClInclude>
    <ClInclude Include="Golem.h">
      <Filter>Monster</Filter>
    </ClInclude>
    <ClInclude Include="InGameUI.h">
      <Filter>UI</Filter>
    </ClInclude>
    <ClInclude Include="GolemBullet.h">
      <Filter>Monster</Filter>
    </ClInclude>
    <ClInclude Include="GolemLazer.h">
      <Filter>Monster</Filter>
    </ClInclude>
    <ClInclude Include="Boss.h">
      <Filter>Monster</Filter>
    </ClInclude>
    <ClInclude Include="BossBullet1.h">
      <Filter>Monster</Filter>
    </ClInclude>
    <ClInclude Include="BossBullet2.h">
      <Filter>Monster</Filter>
    </ClInclude>
    <ClInclude Include="Item.h">
      <Filter>Item</Filter>
    </ClInclude>
    <ClInclude Include="ItemBox.h">
      <Filter>Item</Filter>
    </ClInclude>
    <ClInclude Include="ItemBox_Normal.h">
      <Filter>Item</Filter>
    </ClInclude>
    <ClInclude Include="ItemBox_Rare.h">
      <Filter>Item</Filter>
    </ClInclude>
    <ClInclude Include="EscapeShip.h">
      <Filter>Player</Filter>
    </ClInclude>
    <ClInclude Include="Unit.h">
      <Filter>GameObject</Filter>
    </ClInclude>
    <ClInclude Include="Inventory.h">
      <Filter>Player</Filter>
    </ClInclude>
    <ClInclude Include="Astar.h" />
    <ClInclude Include="LemurianBulletTrail.h">
      <Filter>Monster</Filter>
    </ClInclude>
    <ClInclude Include="Item_APRound.h">
      <Filter>Item\Normal</Filter>
    </ClInclude>
    <ClInclude Include="Item_Glasses.h">
      <Filter>Item\Normal</Filter>
    </ClInclude>
    <ClInclude Include="Item_Syringe.h">
      <Filter>Item\Normal</Filter>
    </ClInclude>
    <ClInclude Include="Item_TriTipDagger.h">
      <Filter>Item\Normal</Filter>
    </ClInclude>
    <ClInclude Include="Item_AttackUp.h">
      <Filter>Item\Rare</Filter>
    </ClInclude>
    <ClInclude Include="Item_DefendUp.h">
      <Filter>Item\Rare</Filter>
    </ClInclude>
    <ClInclude Include="Item_Feather.h">
      <Filter>Item\Rare</Filter>
    </ClInclude>
    <ClInclude Include="Item_Infusion.h">
      <Filter>Item\Rare</Filter>
    </ClInclude>
    <ClInclude Include="Item_Seed.h">
      <Filter>Item\Rare</Filter>
    </ClInclude>
    <ClInclude Include="Teleport.h">
      <Filter>Feature</Filter>
    </ClInclude>
    <ClInclude Include="Feature.h">
      <Filter>Feature</Filter>
    </ClInclude>
    <ClInclude Include="Rock1.h">
      <Filter>Feature</Filter>
    </ClInclude>
  </ItemGroup>
  <ItemGroup>
    <ClCompile Include="Main.cpp" />
    <ClCompile Include="Scene1.cpp">
      <Filter>Scene</Filter>
    </ClCompile>
    <ClCompile Include="LoadingScene.cpp">
      <Filter>Scene</Filter>
    </ClCompile>
    <ClCompile Include="Unit.cpp">
      <Filter>GameObject</Filter>
    </ClCompile>
    <ClCompile Include="Player.cpp">
      <Filter>Player</Filter>
    </ClCompile>
    <ClCompile Include="Lemurian.cpp">
      <Filter>Monster</Filter>
    </ClCompile>
    <ClCompile Include="Beetle.cpp">
      <Filter>Monster</Filter>
    </ClCompile>
    <ClCompile Include="Monster.cpp">
      <Filter>Monster</Filter>
    </ClCompile>
    <ClCompile Include="Bullet.cpp">
      <Filter>GameObject</Filter>
    </ClCompile>
    <ClCompile Include="PlayerBullet.cpp">
      <Filter>Player</Filter>
    </ClCompile>
    <ClCompile Include="StartScene.cpp">
      <Filter>Scene</Filter>
    </ClCompile>
    <ClCompile Include="PlayerSelectScene.cpp">
      <Filter>Scene</Filter>
    </ClCompile>
    <ClCompile Include="LemurianBullet.cpp">
      <Filter>Monster</Filter>
    </ClCompile>
    <ClCompile Include="Golem.cpp">
      <Filter>Monster</Filter>
    </ClCompile>
    <ClCompile Include="InGameUI.cpp">
      <Filter>UI</Filter>
    </ClCompile>
    <ClCompile Include="GolemBullet.cpp">
      <Filter>Monster</Filter>
    </ClCompile>
    <ClCompile Include="GolemLazer.cpp">
      <Filter>Monster</Filter>
    </ClCompile>
    <ClCompile Include="Boss.cpp">
      <Filter>Monster</Filter>
    </ClCompile>
    <ClCompile Include="BossBullet1.cpp">
      <Filter>Monster</Filter>
    </ClCompile>
    <ClCompile Include="BossBullet2.cpp">
      <Filter>Monster</Filter>
    </ClCompile>
    <ClCompile Include="EscapeShip.cpp">
      <Filter>Player</Filter>
    </ClCompile>
    <ClCompile Include="Inventory.cpp">
      <Filter>Player</Filter>
    </ClCompile>
    <ClCompile Include="Item.cpp">
      <Filter>Item</Filter>
    </ClCompile>
    <ClCompile Include="ItemBox_Normal.cpp">
      <Filter>Item</Filter>
    </ClCompile>
    <ClCompile Include="ItemBox_Rare.cpp">
      <Filter>Item</Filter>
    </ClCompile>
    <ClCompile Include="ItemBox.cpp">
      <Filter>Item</Filter>
    </ClCompile>
    <ClCompile Include="Astar.cpp" />
    <ClCompile Include="LemurianBulletTrail.cpp">
      <Filter>Monster</Filter>
    </ClCompile>
    <ClCompile Include="Item_APRound.cpp">
      <Filter>Item\Normal</Filter>
    </ClCompile>
    <ClCompile Include="Item_Glasses.cpp">
      <Filter>Item\Normal</Filter>
    </ClCompile>
    <ClCompile Include="Item_Syringe.cpp">
      <Filter>Item\Normal</Filter>
    </ClCompile>
    <ClCompile Include="Item_TriTipDagger.cpp">
      <Filter>Item\Normal</Filter>
    </ClCompile>
    <ClCompile Include="Item_AttackUp.cpp">
      <Filter>Item\Rare</Filter>
    </ClCompile>
    <ClCompile Include="Item_DefendUp.cpp">
      <Filter>Item\Rare</Filter>
    </ClCompile>
    <ClCompile Include="Item_Feather.cpp">
      <Filter>Item\Rare</Filter>
    </ClCompile>
    <ClCompile Include="Item_Infusion.cpp">
      <Filter>Item\Rare</Filter>
    </ClCompile>
    <ClCompile Include="Item_Seed.cpp">
      <Filter>Item\Rare</Filter>
    </ClCompile>
    <ClCompile Include="Teleport.cpp">
      <Filter>Feature</Filter>
    </ClCompile>
    <ClCompile Include="Feature.cpp">
      <Filter>Feature</Filter>
    </ClCompile>
    <ClCompile Include="Rock1.cpp">
      <Filter>Feature</Filter>
    </ClCompile>
  </ItemGroup>
  <ItemGroup>
    <Filter Include="GameObject">
      <UniqueIdentifier>{355ff697-d03c-4bdd-bdae-32eee4c60bf3}</UniqueIdentifier>
    </Filter>
    <Filter Include="Scene">
      <UniqueIdentifier>{e0c428c6-0d94-4784-bb3a-59d8180b610b}</UniqueIdentifier>
    </Filter>
    <Filter Include="Monster">
      <UniqueIdentifier>{60eb8c36-a258-4697-ab91-5aa6b95d8dd9}</UniqueIdentifier>
    </Filter>
    <Filter Include="Map">
      <UniqueIdentifier>{0aac0255-3041-45bb-acc9-b086fe361e15}</UniqueIdentifier>
    </Filter>
    <Filter Include="Player">
      <UniqueIdentifier>{ba625f57-8e71-4b58-95b7-de435308561f}</UniqueIdentifier>
    </Filter>
    <Filter Include="UI">
      <UniqueIdentifier>{d0ffe025-656a-4455-9dbb-349d9cc2f042}</UniqueIdentifier>
    </Filter>
    <Filter Include="Item">
      <UniqueIdentifier>{0f39bc1a-4ac1-4ee0-9158-e9f2f1818a72}</UniqueIdentifier>
    </Filter>
    <Filter Include="Item\Normal">
      <UniqueIdentifier>{d835bf27-742f-4190-b4a0-507b4fd9d14d}</UniqueIdentifier>
    </Filter>
    <Filter Include="Item\Rare">
      <UniqueIdentifier>{7159fd02-bf91-4647-ab89-dfc179734405}</UniqueIdentifier>
    </Filter>
    <Filter Include="Feature">
      <UniqueIdentifier>{99e64ebc-c022-40f6-a98c-3005c2174cb9}</UniqueIdentifier>
    </Filter>
  </ItemGroup>
  <ItemGroup>
    <None Include="window.ini" />
    <None Include="ClassDiagram.cd" />
    <None Include="ClassDiagram1.cd" />
  </ItemGroup>
</Project>