<?xml version="1.0" encoding="utf-8"?>
<Project ToolsVersion="4.0" xmlns="http://schemas.microsoft.com/developer/msbuild/2003">
  <ItemGroup>
    <ClInclude Include="Main.h" />
    <ClInclude Include="Scene1.h">
      <Filter>Scene</Filter>
    </ClInclude>
    <ClInclude Include="LoadingScene.h">
      <Filter>Scene</Filter>
    </ClInclude>
    <ClInclude Include="Unit.h">
      <Filter>GameObject</Filter>
    </ClInclude>
    <ClInclude Include="stdafx.h" />
    <ClInclude Include="Player.h">
      <Filter>Player</Filter>
    </ClInclude>
    <ClInclude Include="Lemurian.h">
      <Filter>Monster</Filter>
    </ClInclude>
    <ClInclude Include="Beetle.h">
      <Filter>Monster</Filter>
    </ClInclude>
    <ClInclude Include="Monster.h">
      <Filter>Monster</Filter>
    </ClInclude>
    <ClInclude Include="Bullet.h">
      <Filter>GameObject</Filter>
    </ClInclude>
    <ClInclude Include="PlayerBullet.h">
      <Filter>Player</Filter>
    </ClInclude>
    <ClInclude Include="StartScene.h">
      <Filter>Scene</Filter>
    </ClInclude>
    <ClInclude Include="PlayerSelectScene.h">
      <Filter>Scene</Filter>
    </ClInclude>
    <ClInclude Include="LemurianBullet.h">
      <Filter>Monster</Filter>
    </ClInclude>
    <ClInclude Include="Astar.h" />
    <ClInclude Include="Golem.h">
      <Filter>Monster</Filter>
    </ClInclude>
    <ClInclude Include="LemurianBulletTrail.h" />
    <ClInclude Include="InGameUI.h">
      <Filter>UI</Filter>
    </ClInclude>
  </ItemGroup>
  <ItemGroup>
    <ClCompile Include="Main.cpp" />
    <ClCompile Include="Scene1.cpp">
      <Filter>Scene</Filter>
    </ClCompile>
    <ClCompile Include="LoadingScene.cpp">
      <Filter>Scene</Filter>
    </ClCompile>
    <ClCompile Include="Unit.cpp">
      <Filter>GameObject</Filter>
    </ClCompile>
    <ClCompile Include="Player.cpp">
      <Filter>Player</Filter>
    </ClCompile>
    <ClCompile Include="Lemurian.cpp">
      <Filter>Monster</Filter>
    </ClCompile>
    <ClCompile Include="Beetle.cpp">
      <Filter>Monster</Filter>
    </ClCompile>
    <ClCompile Include="Monster.cpp">
      <Filter>Monster</Filter>
    </ClCompile>
    <ClCompile Include="Bullet.cpp">
      <Filter>GameObject</Filter>
    </ClCompile>
    <ClCompile Include="PlayerBullet.cpp">
      <Filter>Player</Filter>
    </ClCompile>
    <ClCompile Include="StartScene.cpp">
      <Filter>Scene</Filter>
    </ClCompile>
    <ClCompile Include="PlayerSelectScene.cpp">
      <Filter>Scene</Filter>
    </ClCompile>
    <ClCompile Include="LemurianBullet.cpp">
      <Filter>Monster</Filter>
    </ClCompile>
    <ClCompile Include="Astar.cpp" />
    <ClCompile Include="Golem.cpp">
      <Filter>Monster</Filter>
    </ClCompile>
    <ClCompile Include="LemurianBulletTrail.cpp" />
    <ClCompile Include="InGameUI.cpp">
      <Filter>UI</Filter>
    </ClCompile>
  </ItemGroup>
  <ItemGroup>
    <Filter Include="GameObject">
      <UniqueIdentifier>{355ff697-d03c-4bdd-bdae-32eee4c60bf3}</UniqueIdentifier>
    </Filter>
    <Filter Include="Scene">
      <UniqueIdentifier>{e0c428c6-0d94-4784-bb3a-59d8180b610b}</UniqueIdentifier>
    </Filter>
    <Filter Include="Monster">
      <UniqueIdentifier>{60eb8c36-a258-4697-ab91-5aa6b95d8dd9}</UniqueIdentifier>
    </Filter>
    <Filter Include="Map">
      <UniqueIdentifier>{0aac0255-3041-45bb-acc9-b086fe361e15}</UniqueIdentifier>
    </Filter>
    <Filter Include="Player">
      <UniqueIdentifier>{ba625f57-8e71-4b58-95b7-de435308561f}</UniqueIdentifier>
    </Filter>
    <Filter Include="UI">
      <UniqueIdentifier>{d0ffe025-656a-4455-9dbb-349d9cc2f042}</UniqueIdentifier>
    </Filter>
  </ItemGroup>
  <ItemGroup>
    <None Include="window.ini" />
  </ItemGroup>
</Project>